// !$*UTF8*$!
{
	archiveVersion = 1;
	classes = {
	};
	objectVersion = 56;
	objects = {

/* Begin PBXBuildFile section */
		175799DC2A934C4E00948A2E /* TaskManagerApp.swift in Sources */ = {isa = PBXBuildFile; fileRef = 175799DB2A934C4E00948A2E /* TaskManagerApp.swift */; };
		175799DE2A934C4E00948A2E /* ContentView.swift in Sources */ = {isa = PBXBuildFile; fileRef = 175799DD2A934C4E00948A2E /* ContentView.swift */; };
		175799E02A934C5200948A2E /* Assets.xcassets in Resources */ = {isa = PBXBuildFile; fileRef = 175799DF2A934C5200948A2E /* Assets.xcassets */; };
		175799E32A934C5200948A2E /* Preview Assets.xcassets in Resources */ = {isa = PBXBuildFile; fileRef = 175799E22A934C5200948A2E /* Preview Assets.xcassets */; };
		175799EC2A934CCC00948A2E /* Task.swift in Sources */ = {isa = PBXBuildFile; fileRef = 175799EB2A934CCC00948A2E /* Task.swift */; };
		175799EE2A934DE100948A2E /* TaskGroup.swift in Sources */ = {isa = PBXBuildFile; fileRef = 175799ED2A934DE100948A2E /* TaskGroup.swift */; };
		175799F02A934ECE00948A2E /* TaskSection.swift in Sources */ = {isa = PBXBuildFile; fileRef = 175799EF2A934ECE00948A2E /* TaskSection.swift */; };
		175799F22A934FF800948A2E /* SidebarView.swift in Sources */ = {isa = PBXBuildFile; fileRef = 175799F12A934FF800948A2E /* SidebarView.swift */; };
		175799F42A93500A00948A2E /* StaticTaskListView.swift in Sources */ = {isa = PBXBuildFile; fileRef = 175799F32A93500A00948A2E /* StaticTaskListView.swift */; };
		175799F62A93560D00948A2E /* TaskListView.swift in Sources */ = {isa = PBXBuildFile; fileRef = 175799F52A93560D00948A2E /* TaskListView.swift */; };
		175799F82A93572900948A2E /* TaskView.swift in Sources */ = {isa = PBXBuildFile; fileRef = 175799F72A93572900948A2E /* TaskView.swift */; };
		17B3F3902A9646A60009079F /* macos_window.jpg in Resources */ = {isa = PBXBuildFile; fileRef = 17B3F38F2A9646A60009079F /* macos_window.jpg */; };
		17B3F3922A9646B10009079F /* macos_settings.jpg in Resources */ = {isa = PBXBuildFile; fileRef = 17B3F3912A9646B10009079F /* macos_settings.jpg */; };
		17B3F3942A9646BA0009079F /* macos_main.jpg in Resources */ = {isa = PBXBuildFile; fileRef = 17B3F3932A9646BA0009079F /* macos_main.jpg */; };
		17B3F3962A9646F70009079F /* macos_dropdownmenu.jpg in Resources */ = {isa = PBXBuildFile; fileRef = 17B3F3952A9646F70009079F /* macos_dropdownmenu.jpg */; };
/* End PBXBuildFile section */

/* Begin PBXFileReference section */
		175799D82A934C4E00948A2E /* TaskManager.app */ = {isa = PBXFileReference; explicitFileType = wrapper.application; includeInIndex = 0; path = TaskManager.app; sourceTree = BUILT_PRODUCTS_DIR; };
		175799DB2A934C4E00948A2E /* TaskManagerApp.swift */ = {isa = PBXFileReference; lastKnownFileType = sourcecode.swift; path = TaskManagerApp.swift; sourceTree = "<group>"; };
		175799DD2A934C4E00948A2E /* ContentView.swift */ = {isa = PBXFileReference; lastKnownFileType = sourcecode.swift; path = ContentView.swift; sourceTree = "<group>"; };
		175799DF2A934C5200948A2E /* Assets.xcassets */ = {isa = PBXFileReference; lastKnownFileType = folder.assetcatalog; path = Assets.xcassets; sourceTree = "<group>"; };
		175799E22A934C5200948A2E /* Preview Assets.xcassets */ = {isa = PBXFileReference; lastKnownFileType = folder.assetcatalog; path = "Preview Assets.xcassets"; sourceTree = "<group>"; };
		175799E42A934C5200948A2E /* TaskManager.entitlements */ = {isa = PBXFileReference; lastKnownFileType = text.plist.entitlements; path = TaskManager.entitlements; sourceTree = "<group>"; };
		175799EB2A934CCC00948A2E /* Task.swift */ = {isa = PBXFileReference; lastKnownFileType = sourcecode.swift; path = Task.swift; sourceTree = "<group>"; };
		175799ED2A934DE100948A2E /* TaskGroup.swift */ = {isa = PBXFileReference; lastKnownFileType = sourcecode.swift; path = TaskGroup.swift; sourceTree = "<group>"; };
		175799EF2A934ECE00948A2E /* TaskSection.swift */ = {isa = PBXFileReference; lastKnownFileType = sourcecode.swift; path = TaskSection.swift; sourceTree = "<group>"; };
		175799F12A934FF800948A2E /* SidebarView.swift */ = {isa = PBXFileReference; lastKnownFileType = sourcecode.swift; path = SidebarView.swift; sourceTree = "<group>"; };
		175799F32A93500A00948A2E /* StaticTaskListView.swift */ = {isa = PBXFileReference; lastKnownFileType = sourcecode.swift; path = StaticTaskListView.swift; sourceTree = "<group>"; };
		175799F52A93560D00948A2E /* TaskListView.swift */ = {isa = PBXFileReference; lastKnownFileType = sourcecode.swift; path = TaskListView.swift; sourceTree = "<group>"; };
		175799F72A93572900948A2E /* TaskView.swift */ = {isa = PBXFileReference; lastKnownFileType = sourcecode.swift; path = TaskView.swift; sourceTree = "<group>"; };
		17B3F38F2A9646A60009079F /* macos_window.jpg */ = {isa = PBXFileReference; lastKnownFileType = image.jpeg; path = macos_window.jpg; sourceTree = "<group>"; };
		17B3F3912A9646B10009079F /* macos_settings.jpg */ = {isa = PBXFileReference; lastKnownFileType = image.jpeg; path = macos_settings.jpg; sourceTree = "<group>"; };
		17B3F3932A9646BA0009079F /* macos_main.jpg */ = {isa = PBXFileReference; lastKnownFileType = image.jpeg; path = macos_main.jpg; sourceTree = "<group>"; };
		17B3F3952A9646F70009079F /* macos_dropdownmenu.jpg */ = {isa = PBXFileReference; lastKnownFileType = image.jpeg; path = macos_dropdownmenu.jpg; sourceTree = "<group>"; };
/* End PBXFileReference section */

/* Begin PBXFrameworksBuildPhase section */
		175799D52A934C4E00948A2E /* Frameworks */ = {
			isa = PBXFrameworksBuildPhase;
			buildActionMask = 2147483647;
			files = (
			);
			runOnlyForDeploymentPostprocessing = 0;
		};
/* End PBXFrameworksBuildPhase section */

/* Begin PBXGroup section */
		175799CF2A934C4E00948A2E = {
			isa = PBXGroup;
			children = (
				17B3F38E2A9646650009079F /* images */,
				175799DA2A934C4E00948A2E /* TaskManager */,
				175799D92A934C4E00948A2E /* Products */,
			);
			sourceTree = "<group>";
		};
		175799D92A934C4E00948A2E /* Products */ = {
			isa = PBXGroup;
			children = (
				175799D82A934C4E00948A2E /* TaskManager.app */,
			);
			name = Products;
			sourceTree = "<group>";
		};
		175799DA2A934C4E00948A2E /* TaskManager */ = {
			isa = PBXGroup;
			children = (
				175799DB2A934C4E00948A2E /* TaskManagerApp.swift */,
				175799DD2A934C4E00948A2E /* ContentView.swift */,
				175799F12A934FF800948A2E /* SidebarView.swift */,
				175799F52A93560D00948A2E /* TaskListView.swift */,
				175799F72A93572900948A2E /* TaskView.swift */,
				175799F32A93500A00948A2E /* StaticTaskListView.swift */,
				175799EA2A934CBF00948A2E /* Model */,
				175799DF2A934C5200948A2E /* Assets.xcassets */,
				175799E42A934C5200948A2E /* TaskManager.entitlements */,
				175799E12A934C5200948A2E /* Preview Content */,
			);
			path = TaskManager;
			sourceTree = "<group>";
		};
		175799E12A934C5200948A2E /* Preview Content */ = {
			isa = PBXGroup;
			children = (
				175799E22A934C5200948A2E /* Preview Assets.xcassets */,
			);
			path = "Preview Content";
			sourceTree = "<group>";
		};
		175799EA2A934CBF00948A2E /* Model */ = {
			isa = PBXGroup;
			children = (
				175799EB2A934CCC00948A2E /* Task.swift */,
				175799ED2A934DE100948A2E /* TaskGroup.swift */,
				175799EF2A934ECE00948A2E /* TaskSection.swift */,
			);
			path = Model;
			sourceTree = "<group>";
		};
		17B3F38E2A9646650009079F /* images */ = {
			isa = PBXGroup;
			children = (
				17B3F38F2A9646A60009079F /* macos_window.jpg */,
				17B3F3912A9646B10009079F /* macos_settings.jpg */,
				17B3F3932A9646BA0009079F /* macos_main.jpg */,
				17B3F3952A9646F70009079F /* macos_dropdownmenu.jpg */,
			);
			path = images;
			sourceTree = "<group>";
		};
/* End PBXGroup section */

/* Begin PBXNativeTarget section */
		175799D72A934C4E00948A2E /* TaskManager */ = {
			isa = PBXNativeTarget;
			buildConfigurationList = 175799E72A934C5200948A2E /* Build configuration list for PBXNativeTarget "TaskManager" */;
			buildPhases = (
				175799D42A934C4E00948A2E /* Sources */,
				175799D52A934C4E00948A2E /* Frameworks */,
				175799D62A934C4E00948A2E /* Resources */,
			);
			buildRules = (
			);
			dependencies = (
			);
			name = TaskManager;
			productName = TaskManager;
			productReference = 175799D82A934C4E00948A2E /* TaskManager.app */;
			productType = "com.apple.product-type.application";
		};
/* End PBXNativeTarget section */

/* Begin PBXProject section */
		175799D02A934C4E00948A2E /* Project object */ = {
			isa = PBXProject;
			attributes = {
				BuildIndependentTargetsInParallel = 1;
				LastSwiftUpdateCheck = 1500;
				LastUpgradeCheck = 1500;
				TargetAttributes = {
					175799D72A934C4E00948A2E = {
						CreatedOnToolsVersion = 15.0;
					};
				};
			};
			buildConfigurationList = 175799D32A934C4E00948A2E /* Build configuration list for PBXProject "TaskManager" */;
			compatibilityVersion = "Xcode 14.0";
			developmentRegion = en;
			hasScannedForEncodings = 0;
			knownRegions = (
				en,
				Base,
			);
			mainGroup = 175799CF2A934C4E00948A2E;
			productRefGroup = 175799D92A934C4E00948A2E /* Products */;
			projectDirPath = "";
			projectRoot = "";
			targets = (
				175799D72A934C4E00948A2E /* TaskManager */,
			);
		};
/* End PBXProject section */

/* Begin PBXResourcesBuildPhase section */
		175799D62A934C4E00948A2E /* Resources */ = {
			isa = PBXResourcesBuildPhase;
			buildActionMask = 2147483647;
			files = (
				17B3F3942A9646BA0009079F /* macos_main.jpg in Resources */,
				17B3F3962A9646F70009079F /* macos_dropdownmenu.jpg in Resources */,
				17B3F3922A9646B10009079F /* macos_settings.jpg in Resources */,
				17B3F3902A9646A60009079F /* macos_window.jpg in Resources */,
				175799E32A934C5200948A2E /* Preview Assets.xcassets in Resources */,
				175799E02A934C5200948A2E /* Assets.xcassets in Resources */,
			);
			runOnlyForDeploymentPostprocessing = 0;
		};
/* End PBXResourcesBuildPhase section */

/* Begin PBXSourcesBuildPhase section */
		175799D42A934C4E00948A2E /* Sources */ = {
			isa = PBXSourcesBuildPhase;
			buildActionMask = 2147483647;
			files = (
				175799F82A93572900948A2E /* TaskView.swift in Sources */,
				175799F42A93500A00948A2E /* StaticTaskListView.swift in Sources */,
				175799DE2A934C4E00948A2E /* ContentView.swift in Sources */,
				175799EC2A934CCC00948A2E /* Task.swift in Sources */,
				175799F02A934ECE00948A2E /* TaskSection.swift in Sources */,
				175799EE2A934DE100948A2E /* TaskGroup.swift in Sources */,
				175799DC2A934C4E00948A2E /* TaskManagerApp.swift in Sources */,
				175799F22A934FF800948A2E /* SidebarView.swift in Sources */,
				175799F62A93560D00948A2E /* TaskListView.swift in Sources */,
			);
			runOnlyForDeploymentPostprocessing = 0;
		};
/* End PBXSourcesBuildPhase section */

/* Begin XCBuildConfiguration section */
		175799E52A934C5200948A2E /* Debug */ = {
			isa = XCBuildConfiguration;
			buildSettings = {
				ALWAYS_SEARCH_USER_PATHS = NO;
				ASSETCATALOG_COMPILER_GENERATE_SWIFT_ASSET_SYMBOL_EXTENSIONS = YES;
				CLANG_ANALYZER_NONNULL = YES;
				CLANG_ANALYZER_NUMBER_OBJECT_CONVERSION = YES_AGGRESSIVE;
				CLANG_CXX_LANGUAGE_STANDARD = "gnu++20";
				CLANG_ENABLE_MODULES = YES;
				CLANG_ENABLE_OBJC_ARC = YES;
				CLANG_ENABLE_OBJC_WEAK = YES;
				CLANG_WARN_BLOCK_CAPTURE_AUTORELEASING = YES;
				CLANG_WARN_BOOL_CONVERSION = YES;
				CLANG_WARN_COMMA = YES;
				CLANG_WARN_CONSTANT_CONVERSION = YES;
				CLANG_WARN_DEPRECATED_OBJC_IMPLEMENTATIONS = YES;
				CLANG_WARN_DIRECT_OBJC_ISA_USAGE = YES_ERROR;
				CLANG_WARN_DOCUMENTATION_COMMENTS = YES;
				CLANG_WARN_EMPTY_BODY = YES;
				CLANG_WARN_ENUM_CONVERSION = YES;
				CLANG_WARN_INFINITE_RECURSION = YES;
				CLANG_WARN_INT_CONVERSION = YES;
				CLANG_WARN_NON_LITERAL_NULL_CONVERSION = YES;
				CLANG_WARN_OBJC_IMPLICIT_RETAIN_SELF = YES;
				CLANG_WARN_OBJC_LITERAL_CONVERSION = YES;
				CLANG_WARN_OBJC_ROOT_CLASS = YES_ERROR;
				CLANG_WARN_QUOTED_INCLUDE_IN_FRAMEWORK_HEADER = YES;
				CLANG_WARN_RANGE_LOOP_ANALYSIS = YES;
				CLANG_WARN_STRICT_PROTOTYPES = YES;
				CLANG_WARN_SUSPICIOUS_MOVE = YES;
				CLANG_WARN_UNGUARDED_AVAILABILITY = YES_AGGRESSIVE;
				CLANG_WARN_UNREACHABLE_CODE = YES;
				CLANG_WARN__DUPLICATE_METHOD_MATCH = YES;
				COPY_PHASE_STRIP = NO;
				DEBUG_INFORMATION_FORMAT = dwarf;
				ENABLE_STRICT_OBJC_MSGSEND = YES;
				ENABLE_TESTABILITY = YES;
				ENABLE_USER_SCRIPT_SANDBOXING = YES;
				GCC_C_LANGUAGE_STANDARD = gnu17;
				GCC_DYNAMIC_NO_PIC = NO;
				GCC_NO_COMMON_BLOCKS = YES;
				GCC_OPTIMIZATION_LEVEL = 0;
				GCC_PREPROCESSOR_DEFINITIONS = (
					"DEBUG=1",
					"$(inherited)",
				);
				GCC_WARN_64_TO_32_BIT_CONVERSION = YES;
				GCC_WARN_ABOUT_RETURN_TYPE = YES_ERROR;
				GCC_WARN_UNDECLARED_SELECTOR = YES;
				GCC_WARN_UNINITIALIZED_AUTOS = YES_AGGRESSIVE;
				GCC_WARN_UNUSED_FUNCTION = YES;
				GCC_WARN_UNUSED_VARIABLE = YES;
				LOCALIZATION_PREFERS_STRING_CATALOGS = YES;
				MACOSX_DEPLOYMENT_TARGET = 14.0;
				MTL_ENABLE_DEBUG_INFO = INCLUDE_SOURCE;
				MTL_FAST_MATH = YES;
				ONLY_ACTIVE_ARCH = YES;
				SDKROOT = macosx;
				SWIFT_ACTIVE_COMPILATION_CONDITIONS = "DEBUG $(inherited)";
				SWIFT_OPTIMIZATION_LEVEL = "-Onone";
			};
			name = Debug;
		};
		175799E62A934C5200948A2E /* Release */ = {
			isa = XCBuildConfiguration;
			buildSettings = {
				ALWAYS_SEARCH_USER_PATHS = NO;
				ASSETCATALOG_COMPILER_GENERATE_SWIFT_ASSET_SYMBOL_EXTENSIONS = YES;
				CLANG_ANALYZER_NONNULL = YES;
				CLANG_ANALYZER_NUMBER_OBJECT_CONVERSION = YES_AGGRESSIVE;
				CLANG_CXX_LANGUAGE_STANDARD = "gnu++20";
				CLANG_ENABLE_MODULES = YES;
				CLANG_ENABLE_OBJC_ARC = YES;
				CLANG_ENABLE_OBJC_WEAK = YES;
				CLANG_WARN_BLOCK_CAPTURE_AUTORELEASING = YES;
				CLANG_WARN_BOOL_CONVERSION = YES;
				CLANG_WARN_COMMA = YES;
				CLANG_WARN_CONSTANT_CONVERSION = YES;
				CLANG_WARN_DEPRECATED_OBJC_IMPLEMENTATIONS = YES;
				CLANG_WARN_DIRECT_OBJC_ISA_USAGE = YES_ERROR;
				CLANG_WARN_DOCUMENTATION_COMMENTS = YES;
				CLANG_WARN_EMPTY_BODY = YES;
				CLANG_WARN_ENUM_CONVERSION = YES;
				CLANG_WARN_INFINITE_RECURSION = YES;
				CLANG_WARN_INT_CONVERSION = YES;
				CLANG_WARN_NON_LITERAL_NULL_CONVERSION = YES;
				CLANG_WARN_OBJC_IMPLICIT_RETAIN_SELF = YES;
				CLANG_WARN_OBJC_LITERAL_CONVERSION = YES;
				CLANG_WARN_OBJC_ROOT_CLASS = YES_ERROR;
				CLANG_WARN_QUOTED_INCLUDE_IN_FRAMEWORK_HEADER = YES;
				CLANG_WARN_RANGE_LOOP_ANALYSIS = YES;
				CLANG_WARN_STRICT_PROTOTYPES = YES;
				CLANG_WARN_SUSPICIOUS_MOVE = YES;
				CLANG_WARN_UNGUARDED_AVAILABILITY = YES_AGGRESSIVE;
				CLANG_WARN_UNREACHABLE_CODE = YES;
				CLANG_WARN__DUPLICATE_METHOD_MATCH = YES;
				COPY_PHASE_STRIP = NO;
				DEBUG_INFORMATION_FORMAT = "dwarf-with-dsym";
				ENABLE_NS_ASSERTIONS = NO;
				ENABLE_STRICT_OBJC_MSGSEND = YES;
				ENABLE_USER_SCRIPT_SANDBOXING = YES;
				GCC_C_LANGUAGE_STANDARD = gnu17;
				GCC_NO_COMMON_BLOCKS = YES;
				GCC_WARN_64_TO_32_BIT_CONVERSION = YES;
				GCC_WARN_ABOUT_RETURN_TYPE = YES_ERROR;
				GCC_WARN_UNDECLARED_SELECTOR = YES;
				GCC_WARN_UNINITIALIZED_AUTOS = YES_AGGRESSIVE;
				GCC_WARN_UNUSED_FUNCTION = YES;
				GCC_WARN_UNUSED_VARIABLE = YES;
				LOCALIZATION_PREFERS_STRING_CATALOGS = YES;
				MACOSX_DEPLOYMENT_TARGET = 14.0;
				MTL_ENABLE_DEBUG_INFO = NO;
				MTL_FAST_MATH = YES;
				SDKROOT = macosx;
				SWIFT_COMPILATION_MODE = wholemodule;
			};
			name = Release;
		};
		175799E82A934C5200948A2E /* Debug */ = {
			isa = XCBuildConfiguration;
			buildSettings = {
				ASSETCATALOG_COMPILER_APPICON_NAME = AppIcon;
				ASSETCATALOG_COMPILER_GLOBAL_ACCENT_COLOR_NAME = AccentColor;
				CODE_SIGN_ENTITLEMENTS = TaskManager/TaskManager.entitlements;
				CODE_SIGN_STYLE = Automatic;
				COMBINE_HIDPI_IMAGES = YES;
				CURRENT_PROJECT_VERSION = 1;
				DEVELOPMENT_ASSET_PATHS = "\"TaskManager/Preview Content\"";
				DEVELOPMENT_TEAM = 54YLWD89Z8;
				ENABLE_HARDENED_RUNTIME = YES;
				ENABLE_PREVIEWS = YES;
				GENERATE_INFOPLIST_FILE = YES;
				INFOPLIST_KEY_NSHumanReadableCopyright = "";
				IPHONEOS_DEPLOYMENT_TARGET = 16.0;
				LD_RUNPATH_SEARCH_PATHS = (
					"$(inherited)",
					"@executable_path/../Frameworks",
				);
				MARKETING_VERSION = 1.0;
				PRODUCT_BUNDLE_IDENTIFIER = com.karinprater.TaskManager;
				PRODUCT_NAME = "$(TARGET_NAME)";
				SUPPORTED_PLATFORMS = "iphoneos iphonesimulator macosx";
				SUPPORTS_MACCATALYST = NO;
				SWIFT_EMIT_LOC_STRINGS = YES;
				SWIFT_VERSION = 5.0;
				TARGETED_DEVICE_FAMILY = 1;
			};
			name = Debug;
		};
		175799E92A934C5200948A2E /* Release */ = {
			isa = XCBuildConfiguration;
			buildSettings = {
				ASSETCATALOG_COMPILER_APPICON_NAME = AppIcon;
				ASSETCATALOG_COMPILER_GLOBAL_ACCENT_COLOR_NAME = AccentColor;
				CODE_SIGN_ENTITLEMENTS = TaskManager/TaskManager.entitlements;
				CODE_SIGN_STYLE = Automatic;
				COMBINE_HIDPI_IMAGES = YES;
				CURRENT_PROJECT_VERSION = 1;
				DEVELOPMENT_ASSET_PATHS = "\"TaskManager/Preview Content\"";
				DEVELOPMENT_TEAM = 54YLWD89Z8;
				ENABLE_HARDENED_RUNTIME = YES;
				ENABLE_PREVIEWS = YES;
				GENERATE_INFOPLIST_FILE = YES;
				INFOPLIST_KEY_NSHumanReadableCopyright = "";
				IPHONEOS_DEPLOYMENT_TARGET = 16.0;
				LD_RUNPATH_SEARCH_PATHS = (
					"$(inherited)",
					"@executable_path/../Frameworks",
				);
				MARKETING_VERSION = 1.0;
				PRODUCT_BUNDLE_IDENTIFIER = com.karinprater.TaskManager;
				PRODUCT_NAME = "$(TARGET_NAME)";
				SUPPORTED_PLATFORMS = "iphoneos iphonesimulator macosx";
				SUPPORTS_MACCATALYST = NO;
				SWIFT_EMIT_LOC_STRINGS = YES;
				SWIFT_VERSION = 5.0;
				TARGETED_DEVICE_FAMILY = 1;
			};
			name = Release;
		};
/* End XCBuildConfiguration section */

/* Begin XCConfigurationList section */
		175799D32A934C4E00948A2E /* Build configuration list for PBXProject "TaskManager" */ = {
			isa = XCConfigurationList;
			buildConfigurations = (
				175799E52A934C5200948A2E /* Debug */,
				175799E62A934C5200948A2E /* Release */,
			);
			defaultConfigurationIsVisible = 0;
			defaultConfigurationName = Release;
		};
		175799E72A934C5200948A2E /* Build configuration list for PBXNativeTarget "TaskManager" */ = {
			isa = XCConfigurationList;
			buildConfigurations = (
				175799E82A934C5200948A2E /* Debug */,
				175799E92A934C5200948A2E /* Release */,
			);
			defaultConfigurationIsVisible = 0;
			defaultConfigurationName = Release;
		};
/* End XCConfigurationList section */
	};
	rootObject = 175799D02A934C4E00948A2E /* Project object */;
}
